
Microsoft Visual Studio Solution File, Format Version 12.00
# Visual Studio Version 17
VisualStudioVersion = 17.7.34024.191
MinimumVisualStudioVersion = 10.0.40219.1
Project("{FAE04EC0-301F-11D3-BF4B-00C04F79EFBC}") = "Matvay2zad", "Matvay2zad\Matvay2zad.csproj", "{CC748EDA-6762-4886-A79F-6726337A7213}"
EndProject
Project("{FAE04EC0-301F-11D3-BF4B-00C04F79EFBC}") = "Lib", "Lib\Lib.csproj", "{10BF684C-E27E-4900-93A6-DFF51492415B}"
EndProject
Project("{FAE04EC0-301F-11D3-BF4B-00C04F79EFBC}") = "Base36Converter", "Base36Converter\Base36Converter.csproj", "{4BEBFC7E-91B6-41A5-BD19-F55DDE3DED64}"
EndProject
Global
	GlobalSection(SolutionConfigurationPlatforms) = preSolution
		Debug|Any CPU = Debug|Any CPU
		Release|Any CPU = Release|Any CPU
	EndGlobalSection
	GlobalSection(ProjectConfigurationPlatforms) = postSolution
		{CC748EDA-6762-4886-A79F-6726337A7213}.Debug|Any CPU.ActiveCfg = Debug|Any CPU
		{CC748EDA-6762-4886-A79F-6726337A7213}.Debug|Any CPU.Build.0 = Debug|Any CPU
		{CC748EDA-6762-4886-A79F-6726337A7213}.Release|Any CPU.ActiveCfg = Release|Any CPU
		{CC748EDA-6762-4886-A79F-6726337A7213}.Release|Any CPU.Build.0 = Release|Any CPU
		{10BF684C-E27E-4900-93A6-DFF51492415B}.Debug|Any CPU.ActiveCfg = Debug|Any CPU
		{10BF684C-E27E-4900-93A6-DFF51492415B}.Debug|Any CPU.Build.0 = Debug|Any CPU
		{10BF684C-E27E-4900-93A6-DFF51492415B}.Release|Any CPU.ActiveCfg = Release|Any CPU
		{10BF684C-E27E-4900-93A6-DFF51492415B}.Release|Any CPU.Build.0 = Release|Any CPU
		{4BEBFC7E-91B6-41A5-BD19-F55DDE3DED64}.Debug|Any CPU.ActiveCfg = Debug|Any CPU
		{4BEBFC7E-91B6-41A5-BD19-F55DDE3DED64}.Debug|Any CPU.Build.0 = Debug|Any CPU
		{4BEBFC7E-91B6-41A5-BD19-F55DDE3DED64}.Release|Any CPU.ActiveCfg = Release|Any CPU
		{4BEBFC7E-91B6-41A5-BD19-F55DDE3DED64}.Release|Any CPU.Build.0 = Release|Any CPU
	EndGlobalSection
	GlobalSection(SolutionProperties) = preSolution
		HideSolutionNode = FALSE
	EndGlobalSection
	GlobalSection(ExtensibilityGlobals) = postSolution
		SolutionGuid = {8E7CB742-DD0E-4654-A0FA-2E7CF405A342}
	EndGlobalSection
EndGlobal
